
Microsoft Visual Studio Solution File, Format Version 12.00
# Visual Studio Version 16
VisualStudioVersion = 16.0.31105.61
MinimumVisualStudioVersion = 10.0.40219.1
Project("{9A19103F-16F7-4668-BE54-9A1E7A4F7556}") = "Npg.Core.Raw", "Npg.Core.Raw\Npg.Core.Raw.csproj", "{AF197B0E-AE29-4912-86B9-DB221DC232E4}"
EndProject
Project("{9A19103F-16F7-4668-BE54-9A1E7A4F7556}") = "Npg.Core.Raw.Tests", "Npg.Core.Raw.Tests\Npg.Core.Raw.Tests.csproj", "{2C8B68BD-55BD-46FA-AB63-6CC13DC35C17}"
EndProject
Project("{9A19103F-16F7-4668-BE54-9A1E7A4F7556}") = "Benchmark", "Benchmark\Benchmark.csproj", "{5CA2B0B4-9ADF-4009-BBF5-28717C0943A3}"
EndProject
Global
	GlobalSection(SolutionConfigurationPlatforms) = preSolution
		Debug|Any CPU = Debug|Any CPU
		Release|Any CPU = Release|Any CPU
	EndGlobalSection
	GlobalSection(ProjectConfigurationPlatforms) = postSolution
		{AF197B0E-AE29-4912-86B9-DB221DC232E4}.Debug|Any CPU.ActiveCfg = Debug|Any CPU
		{AF197B0E-AE29-4912-86B9-DB221DC232E4}.Debug|Any CPU.Build.0 = Debug|Any CPU
		{AF197B0E-AE29-4912-86B9-DB221DC232E4}.Release|Any CPU.ActiveCfg = Release|Any CPU
		{AF197B0E-AE29-4912-86B9-DB221DC232E4}.Release|Any CPU.Build.0 = Release|Any CPU
		{2C8B68BD-55BD-46FA-AB63-6CC13DC35C17}.Debug|Any CPU.ActiveCfg = Debug|Any CPU
		{2C8B68BD-55BD-46FA-AB63-6CC13DC35C17}.Debug|Any CPU.Build.0 = Debug|Any CPU
		{2C8B68BD-55BD-46FA-AB63-6CC13DC35C17}.Release|Any CPU.ActiveCfg = Release|Any CPU
		{2C8B68BD-55BD-46FA-AB63-6CC13DC35C17}.Release|Any CPU.Build.0 = Release|Any CPU
		{5CA2B0B4-9ADF-4009-BBF5-28717C0943A3}.Debug|Any CPU.ActiveCfg = Debug|Any CPU
		{5CA2B0B4-9ADF-4009-BBF5-28717C0943A3}.Debug|Any CPU.Build.0 = Debug|Any CPU
		{5CA2B0B4-9ADF-4009-BBF5-28717C0943A3}.Release|Any CPU.ActiveCfg = Release|Any CPU
		{5CA2B0B4-9ADF-4009-BBF5-28717C0943A3}.Release|Any CPU.Build.0 = Release|Any CPU
	EndGlobalSection
	GlobalSection(SolutionProperties) = preSolution
		HideSolutionNode = FALSE
	EndGlobalSection
	GlobalSection(ExtensibilityGlobals) = postSolution
		SolutionGuid = {A24FCD30-854B-4638-BB6A-35375E6095CB}
	EndGlobalSection
EndGlobal
